
Microsoft Visual Studio Solution File, Format Version 11.00
# Visual Studio 2010
Project("{4925A630-B079-445d-BCD4-3A9C94FE9307}") = "KosuFSharpMac", "KosuFSharpMac.fsproj", "{B202C0DD-9D7E-4FB3-94D2-29B9BFB2EC4F}"
EndProject
Project("{FAE04EC0-301F-11D3-BF4B-00C04F79EFBC}") = "KosuMac", "..\Kosu\KosuMac.csproj", "{8C30FFF3-FB86-4DD9-9F1C-9E24C972D543}"
EndProject
Global
	GlobalSection(SolutionConfigurationPlatforms) = preSolution
		Debug|x86 = Debug|x86
		Release|x86 = Release|x86
	EndGlobalSection
	GlobalSection(ProjectConfigurationPlatforms) = postSolution
		{8C30FFF3-FB86-4DD9-9F1C-9E24C972D543}.Debug|x86.ActiveCfg = Debug|Any CPU
		{8C30FFF3-FB86-4DD9-9F1C-9E24C972D543}.Debug|x86.Build.0 = Debug|Any CPU
		{8C30FFF3-FB86-4DD9-9F1C-9E24C972D543}.Release|x86.ActiveCfg = Release|Any CPU
		{8C30FFF3-FB86-4DD9-9F1C-9E24C972D543}.Release|x86.Build.0 = Release|Any CPU
		{B202C0DD-9D7E-4FB3-94D2-29B9BFB2EC4F}.Debug|x86.ActiveCfg = Debug|x86
		{B202C0DD-9D7E-4FB3-94D2-29B9BFB2EC4F}.Debug|x86.Build.0 = Debug|x86
		{B202C0DD-9D7E-4FB3-94D2-29B9BFB2EC4F}.Release|x86.ActiveCfg = Release|x86
		{B202C0DD-9D7E-4FB3-94D2-29B9BFB2EC4F}.Release|x86.Build.0 = Release|x86
	EndGlobalSection
	GlobalSection(MonoDevelopProperties) = preSolution
		StartupItem = KosuFSharpMac.fsproj
	EndGlobalSection
EndGlobal
